
Microsoft Visual Studio Solution File, Format Version 12.00
# Visual Studio 14
VisualStudioVersion = 14.0.22310.1
MinimumVisualStudioVersion = 10.0.40219.1
Project("{FAE04EC0-301F-11D3-BF4B-00C04F79EFBC}") = "ChattyData", "ChattyData\ChattyData.csproj", "{1A55DF14-4413-4829-ACAF-1FB8CADC15C5}"
EndProject
Project("{2150E333-8FDC-42A3-9474-1A3956D46DE8}") = "PublishScripts", "PublishScripts", "{345554E7-65E4-4483-9A4B-A4AD210EFC05}"
	ProjectSection(SolutionItems) = preProject
		PublishScripts\AzureWebsitePublishModule.psm1 = PublishScripts\AzureWebsitePublishModule.psm1
		PublishScripts\Publish-WebApplicationWebsite.ps1 = PublishScripts\Publish-WebApplicationWebsite.ps1
	EndProjectSection
EndProject
Project("{2150E333-8FDC-42A3-9474-1A3956D46DE8}") = "Configurations", "Configurations", "{27A5B5B0-D085-4095-B458-5E3C9E5398EA}"
	ProjectSection(SolutionItems) = preProject
		PublishScripts\Configurations\ChattyData-WAWS-dev.json = PublishScripts\Configurations\ChattyData-WAWS-dev.json
	EndProjectSection
EndProject
Project("{FAE04EC0-301F-11D3-BF4B-00C04F79EFBC}") = "ChattyData.API", "ChattyData.API\ChattyData.API.csproj", "{A041C996-3EC6-4D77-AD5B-BAF1BE630E8D}"
EndProject
Project("{FAE04EC0-301F-11D3-BF4B-00C04F79EFBC}") = "ChattyData.DataManager", "ChattyData.DataManager\ChattyData.DataManager.csproj", "{3B0FF9B1-A773-441F-80F0-352327FCFD76}"
EndProject
Global
	GlobalSection(SolutionConfigurationPlatforms) = preSolution
		Debug|Any CPU = Debug|Any CPU
		Release|Any CPU = Release|Any CPU
	EndGlobalSection
	GlobalSection(ProjectConfigurationPlatforms) = postSolution
		{1A55DF14-4413-4829-ACAF-1FB8CADC15C5}.Debug|Any CPU.ActiveCfg = Debug|Any CPU
		{1A55DF14-4413-4829-ACAF-1FB8CADC15C5}.Debug|Any CPU.Build.0 = Debug|Any CPU
		{1A55DF14-4413-4829-ACAF-1FB8CADC15C5}.Release|Any CPU.ActiveCfg = Release|Any CPU
		{1A55DF14-4413-4829-ACAF-1FB8CADC15C5}.Release|Any CPU.Build.0 = Release|Any CPU
		{A041C996-3EC6-4D77-AD5B-BAF1BE630E8D}.Debug|Any CPU.ActiveCfg = Debug|Any CPU
		{A041C996-3EC6-4D77-AD5B-BAF1BE630E8D}.Debug|Any CPU.Build.0 = Debug|Any CPU
		{A041C996-3EC6-4D77-AD5B-BAF1BE630E8D}.Release|Any CPU.ActiveCfg = Release|Any CPU
		{A041C996-3EC6-4D77-AD5B-BAF1BE630E8D}.Release|Any CPU.Build.0 = Release|Any CPU
		{3B0FF9B1-A773-441F-80F0-352327FCFD76}.Debug|Any CPU.ActiveCfg = Debug|Any CPU
		{3B0FF9B1-A773-441F-80F0-352327FCFD76}.Debug|Any CPU.Build.0 = Debug|Any CPU
		{3B0FF9B1-A773-441F-80F0-352327FCFD76}.Release|Any CPU.ActiveCfg = Release|Any CPU
		{3B0FF9B1-A773-441F-80F0-352327FCFD76}.Release|Any CPU.Build.0 = Release|Any CPU
	EndGlobalSection
	GlobalSection(SolutionProperties) = preSolution
		HideSolutionNode = FALSE
	EndGlobalSection
	GlobalSection(NestedProjects) = preSolution
		{27A5B5B0-D085-4095-B458-5E3C9E5398EA} = {345554E7-65E4-4483-9A4B-A4AD210EFC05}
	EndGlobalSection
EndGlobal
